
Microsoft Visual Studio Solution File, Format Version 12.00
# Visual Studio Version 16
VisualStudioVersion = 16.0.30907.101
MinimumVisualStudioVersion = 10.0.40219.1
Project("{FAE04EC0-301F-11D3-BF4B-00C04F79EFBC}") = "Movies.API", "Movies.API\Movies.API.csproj", "{A6C9F225-9E24-4B71-8BD4-540821330DF2}"
EndProject
Project("{FAE04EC0-301F-11D3-BF4B-00C04F79EFBC}") = "Movies.Feature", "Movies.Feature\Movies.Feature.csproj", "{939085EA-D9AA-433F-87A2-9854FB5D315F}"
EndProject
Project("{FAE04EC0-301F-11D3-BF4B-00C04F79EFBC}") = "Movies.Tests", "Movies.Tests\Movies.Tests.csproj", "{0DBEF2EB-A959-4583-BB49-410A2C721E28}"
EndProject
Project("{FAE04EC0-301F-11D3-BF4B-00C04F79EFBC}") = "Movies.Core", "Movies.Core\Movies.Core.csproj", "{A48A2B58-4E64-4520-9A19-4BCBB1824F54}"
EndProject
Global
	GlobalSection(SolutionConfigurationPlatforms) = preSolution
		Debug|Any CPU = Debug|Any CPU
		Release|Any CPU = Release|Any CPU
	EndGlobalSection
	GlobalSection(ProjectConfigurationPlatforms) = postSolution
		{A6C9F225-9E24-4B71-8BD4-540821330DF2}.Debug|Any CPU.ActiveCfg = Debug|Any CPU
		{A6C9F225-9E24-4B71-8BD4-540821330DF2}.Debug|Any CPU.Build.0 = Debug|Any CPU
		{A6C9F225-9E24-4B71-8BD4-540821330DF2}.Release|Any CPU.ActiveCfg = Release|Any CPU
		{A6C9F225-9E24-4B71-8BD4-540821330DF2}.Release|Any CPU.Build.0 = Release|Any CPU
		{939085EA-D9AA-433F-87A2-9854FB5D315F}.Debug|Any CPU.ActiveCfg = Debug|Any CPU
		{939085EA-D9AA-433F-87A2-9854FB5D315F}.Debug|Any CPU.Build.0 = Debug|Any CPU
		{939085EA-D9AA-433F-87A2-9854FB5D315F}.Release|Any CPU.ActiveCfg = Release|Any CPU
		{939085EA-D9AA-433F-87A2-9854FB5D315F}.Release|Any CPU.Build.0 = Release|Any CPU
		{0DBEF2EB-A959-4583-BB49-410A2C721E28}.Debug|Any CPU.ActiveCfg = Debug|Any CPU
		{0DBEF2EB-A959-4583-BB49-410A2C721E28}.Debug|Any CPU.Build.0 = Debug|Any CPU
		{0DBEF2EB-A959-4583-BB49-410A2C721E28}.Release|Any CPU.ActiveCfg = Release|Any CPU
		{0DBEF2EB-A959-4583-BB49-410A2C721E28}.Release|Any CPU.Build.0 = Release|Any CPU
		{A48A2B58-4E64-4520-9A19-4BCBB1824F54}.Debug|Any CPU.ActiveCfg = Debug|Any CPU
		{A48A2B58-4E64-4520-9A19-4BCBB1824F54}.Debug|Any CPU.Build.0 = Debug|Any CPU
		{A48A2B58-4E64-4520-9A19-4BCBB1824F54}.Release|Any CPU.ActiveCfg = Release|Any CPU
		{A48A2B58-4E64-4520-9A19-4BCBB1824F54}.Release|Any CPU.Build.0 = Release|Any CPU
	EndGlobalSection
	GlobalSection(SolutionProperties) = preSolution
		HideSolutionNode = FALSE
	EndGlobalSection
	GlobalSection(ExtensibilityGlobals) = postSolution
		SolutionGuid = {AD98AACF-D9F1-4134-BAF2-9B6E2A4026FC}
	EndGlobalSection
EndGlobal
